
Microsoft Visual Studio Solution File, Format Version 12.00
# Visual Studio Version 17
VisualStudioVersion = 17.3.32929.385
MinimumVisualStudioVersion = 10.0.40219.1
Project("{8BC9CEB8-8B4A-11D0-8D11-00A0C91BC942}") = "ExternalESPCSGO", "ExternalESPCSGO\ExternalESPCSGO.vcxproj", "{F0863554-ED29-4287-BA98-7E0E1F2D28DF}"
EndProject
Global
	GlobalSection(SolutionConfigurationPlatforms) = preSolution
		Debug|x64 = Debug|x64
		Debug|x86 = Debug|x86
		Release|x64 = Release|x64
		Release|x86 = Release|x86
	EndGlobalSection
	GlobalSection(ProjectConfigurationPlatforms) = postSolution
		{F0863554-ED29-4287-BA98-7E0E1F2D28DF}.Debug|x64.ActiveCfg = Debug|x64
		{F0863554-ED29-4287-BA98-7E0E1F2D28DF}.Debug|x64.Build.0 = Debug|x64
		{F0863554-ED29-4287-BA98-7E0E1F2D28DF}.Debug|x86.ActiveCfg = Debug|Win32
		{F0863554-ED29-4287-BA98-7E0E1F2D28DF}.Debug|x86.Build.0 = Debug|Win32
		{F0863554-ED29-4287-BA98-7E0E1F2D28DF}.Release|x64.ActiveCfg = Release|x64
		{F0863554-ED29-4287-BA98-7E0E1F2D28DF}.Release|x64.Build.0 = Release|x64
		{F0863554-ED29-4287-BA98-7E0E1F2D28DF}.Release|x86.ActiveCfg = Release|Win32
		{F0863554-ED29-4287-BA98-7E0E1F2D28DF}.Release|x86.Build.0 = Release|Win32
	EndGlobalSection
	GlobalSection(SolutionProperties) = preSolution
		HideSolutionNode = FALSE
	EndGlobalSection
	GlobalSection(ExtensibilityGlobals) = postSolution
		SolutionGuid = {59699F02-13B8-4BD7-B1DB-990677E26F6E}
	EndGlobalSection
EndGlobal
